version = 1
revision = 3
requires-python = ">=3.14"

[[package]]
name = "faker"
version = "40.36.0"
source = { registry = "https://pypi.org/simple" }
dependencies = [
    { name = "tzdata", marker = "sys_platform == 'win32'" },
]
sdist = { url = "https://files.pythonhosted.org/packages/98/d2/026af1e002bbc6df534d1f8262b18ec79a974f928e9290bfbfdfe7c7b2af/faker-40.36.0.tar.gz", hash = "sha256:754048c76c03afa7de83eee8f4bcee3cf668cbb7d995f54a4e9678db7f110308", size = 2025903, upload-time = "2026-07-24T21:11:33.088Z" }
wheels = [
    { url = "https://files.pythonhosted.org/packages/50/9a/b947ed175ce9a0dcb070ccf3607f0ce8720cfb5ed1a36166a150b2acd5af/faker-40.36.0-py3-none-any.whl", hash = "sha256:82b9497d9cfe017048075bcf969298a74b1b6e39f5e4dad1211085d1133f7b62", size = 2062829, upload-time = "2026-07-24T21:11:31.37Z" },
]

[[package]]
name = "progressbar2"
version = "4.5.0"
source = { registry = "https://pypi.org/simple" }
dependencies = [
    { name = "python-utils" },
]
sdist = { url = "https://files.pythonhosted.org/packages/19/24/3587e795fc590611434e4bcb9fbe0c3dddb5754ce1a20edfd86c587c0004/progressbar2-4.5.0.tar.gz", hash = "sha256:6662cb624886ed31eb94daf61e27583b5144ebc7383a17bae076f8f4f59088fb", size = 101449, upload-time = "2024-08-28T22:50:12.391Z" }
wheels = [
    { url = "https://files.pythonhosted.org/packages/ee/94/448f037fb0ffd0e8a63b625cf9f5b13494b88d15573a987be8aaa735579d/progressbar2-4.5.0-py3-none-any.whl", hash = "sha256:625c94a54e63915b3959355e6d4aacd63a00219e5f3e2b12181b76867bf6f628", size = 57132, upload-time = "2024-08-28T22:50:10.264Z" },
]

[[package]]
name = "python-utils"
version = "4.0.0"
source = { registry = "https://pypi.org/simple" }
dependencies = [
    { name = "typing-extensions" },
]
sdist = { url = "https://files.pythonhosted.org/packages/2e/4f/ffd054f649cb9deca624a61d83fd17ce5b6247ba6c41a5881b0c639573d7/python_utils-4.0.0.tar.gz", hash = "sha256:51d84b297d9877205a76e65f970e3275d1aa9c1cf3d508af2c459247eb4fe701", size = 43027, upload-time = "2026-07-02T18:07:54.953Z" }
wheels = [
    { url = "https://files.pythonhosted.org/packages/c6/89/daba77b0167e3e03ead14cf0caa02193b6b9d402d03db93651ca9c9f1815/python_utils-4.0.0-py3-none-any.whl", hash = "sha256:96b969a878bbc147e69db60aac7c618ff97f7e5e03e9d78ade85d764af71faa5", size = 39928, upload-time = "2026-07-02T18:07:53.673Z" },
]

[[package]]
name = "sqlite-bench"
version = "0.1.0"
source = { virtual = "." }
dependencies = [
    { name = "faker" },
    { name = "progressbar2" },
]

[package.metadata]
requires-dist = [
    { name = "faker", specifier = ">=40.36.0" },
    { name = "progressbar2", specifier = ">=4.5.0" },
]

[[package]]
name = "typing-extensions"
version = "4.16.0"
source = { registry = "https://pypi.org/simple" }
sdist = { url = "https://files.pythonhosted.org/packages/f6/cc/6253133b5bb138fc3306cebfbda2c520f545d36b5be2c7255cc528bb45d6/typing_extensions-4.16.0.tar.gz", hash = "sha256:dc983d19a509c94dba722ee6abd33940f7c05a89e243c47e907eb4db6f1a43e5", size = 113555, upload-time = "2026-07-02T08:40:05.92Z" }
wheels = [
    { url = "https://files.pythonhosted.org/packages/49/d3/b8441a820a491ddfc024b0b0cf0393375b75ea13866d9c66727e54c2fc80/typing_extensions-4.16.0-py3-none-any.whl", hash = "sha256:481caa481374e813c1b176ada14e97f1f67a4539ce9cfeb3f350d78d6370c2e8", size = 45571, upload-time = "2026-07-02T08:40:04.659Z" },
]

[[package]]
name = "tzdata"
version = "2026.3"
source = { registry = "https://pypi.org/simple" }
sdist = { url = "https://files.pythonhosted.org/packages/92/ff/5a28bdfd8c3ebec42564ac7d0e54ca3db65044a9314a97f9564fa7a1e926/tzdata-2026.3.tar.gz", hash = "sha256:4a1518b8993086a7982523e071643f3c0e5f213e75b21318e78bcabfff9d1415", size = 198674, upload-time = "2026-07-10T08:50:37.887Z" }
wheels = [
    { url = "https://files.pythonhosted.org/packages/e5/6d/b53b99a9f2766d095985947a5782f1702cabb129a34f7a802d7197af832f/tzdata-2026.3-py2.py3-none-any.whl", hash = "sha256:dc096730c87af6cab1b171c9d532be840741ff5d459015e7f6947bd7d7e54931", size = 348168, upload-time = "2026-07-10T08:50:36.46Z" },
]
